// !$*UTF8*$!
{
	archiveVersion = 1;
	classes = {
	};
	objectVersion = 46;
	objects = {

/* Begin PBXBuildFile section */
		1F7627901E548BB100B7687F /* AppDelegate.swift in Sources */ = {isa = PBXBuildFile; fileRef = 1F76278F1E548BB100B7687F /* AppDelegate.swift */; };
		1F7627921E548BB100B7687F /* ViewController.swift in Sources */ = {isa = PBXBuildFile; fileRef = 1F7627911E548BB100B7687F /* ViewController.swift */; };
		1F7627951E548BB100B7687F /* Main.storyboard in Resources */ = {isa = PBXBuildFile; fileRef = 1F7627931E548BB100B7687F /* Main.storyboard */; };
		1F7627971E548BB100B7687F /* Assets.xcassets in Resources */ = {isa = PBXBuildFile; fileRef = 1F7627961E548BB100B7687F /* Assets.xcassets */; };
		1F76279A1E548BB100B7687F /* LaunchScreen.storyboard in Resources */ = {isa = PBXBuildFile; fileRef = 1F7627981E548BB100B7687F /* LaunchScreen.storyboard */; };
		1F7627A51E548BB100B7687F /* RollDiceTests.swift in Sources */ = {isa = PBXBuildFile; fileRef = 1F7627A41E548BB100B7687F /* RollDiceTests.swift */; };
		1F7627B01E548BB100B7687F /* RollDiceUITests.swift in Sources */ = {isa = PBXBuildFile; fileRef = 1F7627AF1E548BB100B7687F /* RollDiceUITests.swift */; };
/* End PBXBuildFile section */

/* Begin PBXContainerItemProxy section */
		1F7627A11E548BB100B7687F /* PBXContainerItemProxy */ = {
			isa = PBXContainerItemProxy;
			containerPortal = 1F7627841E548BB100B7687F /* Project object */;
			proxyType = 1;
			remoteGlobalIDString = 1F76278B1E548BB100B7687F;
			remoteInfo = RollDice;
		};
		1F7627AC1E548BB100B7687F /* PBXContainerItemProxy */ = {
			isa = PBXContainerItemProxy;
			containerPortal = 1F7627841E548BB100B7687F /* Project object */;
			proxyType = 1;
			remoteGlobalIDString = 1F76278B1E548BB100B7687F;
			remoteInfo = RollDice;
		};
/* End PBXContainerItemProxy section */

/* Begin PBXFileReference section */
		1F76278C1E548BB100B7687F /* RollDice.app */ = {isa = PBXFileReference; explicitFileType = wrapper.application; includeInIndex = 0; path = RollDice.app; sourceTree = BUILT_PRODUCTS_DIR; };
		1F76278F1E548BB100B7687F /* AppDelegate.swift */ = {isa = PBXFileReference; lastKnownFileType = sourcecode.swift; path = AppDelegate.swift; sourceTree = "<group>"; };
		1F7627911E548BB100B7687F /* ViewController.swift */ = {isa = PBXFileReference; lastKnownFileType = sourcecode.swift; path = ViewController.swift; sourceTree = "<group>"; };
		1F7627941E548BB100B7687F /* Base */ = {isa = PBXFileReference; lastKnownFileType = file.storyboard; name = Base; path = Base.lproj/Main.storyboard; sourceTree = "<group>"; };
		1F7627961E548BB100B7687F /* Assets.xcassets */ = {isa = PBXFileReference; lastKnownFileType = folder.assetcatalog; path = Assets.xcassets; sourceTree = "<group>"; };
		1F7627991E548BB100B7687F /* Base */ = {isa = PBXFileReference; lastKnownFileType = file.storyboard; name = Base; path = Base.lproj/LaunchScreen.storyboard; sourceTree = "<group>"; };
		1F76279B1E548BB100B7687F /* Info.plist */ = {isa = PBXFileReference; lastKnownFileType = text.plist.xml; path = Info.plist; sourceTree = "<group>"; };
		1F7627A01E548BB100B7687F /* RollDiceTests.xctest */ = {isa = PBXFileReference; explicitFileType = wrapper.cfbundle; includeInIndex = 0; path = RollDiceTests.xctest; sourceTree = BUILT_PRODUCTS_DIR; };
		1F7627A41E548BB100B7687F /* RollDiceTests.swift */ = {isa = PBXFileReference; lastKnownFileType = sourcecode.swift; path = RollDiceTests.swift; sourceTree = "<group>"; };
		1F7627A61E548BB100B7687F /* Info.plist */ = {isa = PBXFileReference; lastKnownFileType = text.plist.xml; path = Info.plist; sourceTree = "<group>"; };
		1F7627AB1E548BB100B7687F /* RollDiceUITests.xctest */ = {isa = PBXFileReference; explicitFileType = wrapper.cfbundle; includeInIndex = 0; path = RollDiceUITests.xctest; sourceTree = BUILT_PRODUCTS_DIR; };
		1F7627AF1E548BB100B7687F /* RollDiceUITests.swift */ = {isa = PBXFileReference; lastKnownFileType = sourcecode.swift; path = RollDiceUITests.swift; sourceTree = "<group>"; };
		1F7627B11E548BB100B7687F /* Info.plist */ = {isa = PBXFileReference; lastKnownFileType = text.plist.xml; path = Info.plist; sourceTree = "<group>"; };
/* End PBXFileReference section */

/* Begin PBXFrameworksBuildPhase section */
		1F7627891E548BB100B7687F /* Frameworks */ = {
			isa = PBXFrameworksBuildPhase;
			buildActionMask = 2147483647;
			files = (
			);
			runOnlyForDeploymentPostprocessing = 0;
		};
		1F76279D1E548BB100B7687F /* Frameworks */ = {
			isa = PBXFrameworksBuildPhase;
			buildActionMask = 2147483647;
			files = (
			);
			runOnlyForDeploymentPostprocessing = 0;
		};
		1F7627A81E548BB100B7687F /* Frameworks */ = {
			isa = PBXFrameworksBuildPhase;
			buildActionMask = 2147483647;
			files = (
			);
			runOnlyForDeploymentPostprocessing = 0;
		};
/* End PBXFrameworksBuildPhase section */

/* Begin PBXGroup section */
		1F7627831E548BB100B7687F = {
			isa = PBXGroup;
			children = (
				1F76278E1E548BB100B7687F /* RollDice */,
				1F7627A31E548BB100B7687F /* RollDiceTests */,
				1F7627AE1E548BB100B7687F /* RollDiceUITests */,
				1F76278D1E548BB100B7687F /* Products */,
			);
			sourceTree = "<group>";
		};
		1F76278D1E548BB100B7687F /* Products */ = {
			isa = PBXGroup;
			children = (
				1F76278C1E548BB100B7687F /* RollDice.app */,
				1F7627A01E548BB100B7687F /* RollDiceTests.xctest */,
				1F7627AB1E548BB100B7687F /* RollDiceUITests.xctest */,
			);
			name = Products;
			sourceTree = "<group>";
		};
		1F76278E1E548BB100B7687F /* RollDice */ = {
			isa = PBXGroup;
			children = (
				1F76278F1E548BB100B7687F /* AppDelegate.swift */,
				1F7627911E548BB100B7687F /* ViewController.swift */,
				1F7627931E548BB100B7687F /* Main.storyboard */,
				1F7627961E548BB100B7687F /* Assets.xcassets */,
				1F7627981E548BB100B7687F /* LaunchScreen.storyboard */,
				1F76279B1E548BB100B7687F /* Info.plist */,
			);
			path = RollDice;
			sourceTree = "<group>";
		};
		1F7627A31E548BB100B7687F /* RollDiceTests */ = {
			isa = PBXGroup;
			children = (
				1F7627A41E548BB100B7687F /* RollDiceTests.swift */,
				1F7627A61E548BB100B7687F /* Info.plist */,
			);
			path = RollDiceTests;
			sourceTree = "<group>";
		};
		1F7627AE1E548BB100B7687F /* RollDiceUITests */ = {
			isa = PBXGroup;
			children = (
				1F7627AF1E548BB100B7687F /* RollDiceUITests.swift */,
				1F7627B11E548BB100B7687F /* Info.plist */,
			);
			path = RollDiceUITests;
			sourceTree = "<group>";
		};
/* End PBXGroup section */

/* Begin PBXNativeTarget section */
		1F76278B1E548BB100B7687F /* RollDice */ = {
			isa = PBXNativeTarget;
			buildConfigurationList = 1F7627B41E548BB100B7687F /* Build configuration list for PBXNativeTarget "RollDice" */;
			buildPhases = (
				1F7627881E548BB100B7687F /* Sources */,
				1F7627891E548BB100B7687F /* Frameworks */,
				1F76278A1E548BB100B7687F /* Resources */,
			);
			buildRules = (
			);
			dependencies = (
			);
			name = RollDice;
			productName = RollDice;
			productReference = 1F76278C1E548BB100B7687F /* RollDice.app */;
			productType = "com.apple.product-type.application";
		};
		1F76279F1E548BB100B7687F /* RollDiceTests */ = {
			isa = PBXNativeTarget;
			buildConfigurationList = 1F7627B71E548BB100B7687F /* Build configuration list for PBXNativeTarget "RollDiceTests" */;
			buildPhases = (
				1F76279C1E548BB100B7687F /* Sources */,
				1F76279D1E548BB100B7687F /* Frameworks */,
				1F76279E1E548BB100B7687F /* Resources */,
			);
			buildRules = (
			);
			dependencies = (
				1F7627A21E548BB100B7687F /* PBXTargetDependency */,
			);
			name = RollDiceTests;
			productName = RollDiceTests;
			productReference = 1F7627A01E548BB100B7687F /* RollDiceTests.xctest */;
			productType = "com.apple.product-type.bundle.unit-test";
		};
		1F7627AA1E548BB100B7687F /* RollDiceUITests */ = {
			isa = PBXNativeTarget;
			buildConfigurationList = 1F7627BA1E548BB100B7687F /* Build configuration list for PBXNativeTarget "RollDiceUITests" */;
			buildPhases = (
				1F7627A71E548BB100B7687F /* Sources */,
				1F7627A81E548BB100B7687F /* Frameworks */,
				1F7627A91E548BB100B7687F /* Resources */,
			);
			buildRules = (
			);
			dependencies = (
				1F7627AD1E548BB100B7687F /* PBXTargetDependency */,
			);
			name = RollDiceUITests;
			productName = RollDiceUITests;
			productReference = 1F7627AB1E548BB100B7687F /* RollDiceUITests.xctest */;
			productType = "com.apple.product-type.bundle.ui-testing";
		};
/* End PBXNativeTarget section */

/* Begin PBXProject section */
		1F7627841E548BB100B7687F /* Project object */ = {
			isa = PBXProject;
			attributes = {
				LastSwiftUpdateCheck = 0820;
				LastUpgradeCheck = 0820;
				ORGANIZATIONNAME = OmerA;
				TargetAttributes = {
					1F76278B1E548BB100B7687F = {
						CreatedOnToolsVersion = 8.2.1;
						ProvisioningStyle = Automatic;
					};
					1F76279F1E548BB100B7687F = {
						CreatedOnToolsVersion = 8.2.1;
						ProvisioningStyle = Automatic;
						TestTargetID = 1F76278B1E548BB100B7687F;
					};
					1F7627AA1E548BB100B7687F = {
						CreatedOnToolsVersion = 8.2.1;
						ProvisioningStyle = Automatic;
						TestTargetID = 1F76278B1E548BB100B7687F;
					};
				};
			};
			buildConfigurationList = 1F7627871E548BB100B7687F /* Build configuration list for PBXProject "RollDice" */;
			compatibilityVersion = "Xcode 3.2";
			developmentRegion = English;
			hasScannedForEncodings = 0;
			knownRegions = (
				en,
				Base,
			);
			mainGroup = 1F7627831E548BB100B7687F;
			productRefGroup = 1F76278D1E548BB100B7687F /* Products */;
			projectDirPath = "";
			projectRoot = "";
			targets = (
				1F76278B1E548BB100B7687F /* RollDice */,
				1F76279F1E548BB100B7687F /* RollDiceTests */,
				1F7627AA1E548BB100B7687F /* RollDiceUITests */,
			);
		};
/* End PBXProject section */

/* Begin PBXResourcesBuildPhase section */
		1F76278A1E548BB100B7687F /* Resources */ = {
			isa = PBXResourcesBuildPhase;
			buildActionMask = 2147483647;
			files = (
				1F76279A1E548BB100B7687F /* LaunchScreen.storyboard in Resources */,
				1F7627971E548BB100B7687F /* Assets.xcassets in Resources */,
				1F7627951E548BB100B7687F /* Main.storyboard in Resources */,
			);
			runOnlyForDeploymentPostprocessing = 0;
		};
		1F76279E1E548BB100B7687F /* Resources */ = {
			isa = PBXResourcesBuildPhase;
			buildActionMask = 2147483647;
			files = (
			);
			runOnlyForDeploymentPostprocessing = 0;
		};
		1F7627A91E548BB100B7687F /* Resources */ = {
			isa = PBXResourcesBuildPhase;
			buildActionMask = 2147483647;
			files = (
			);
			runOnlyForDeploymentPostprocessing = 0;
		};
/* End PBXResourcesBuildPhase section */

/* Begin PBXSourcesBuildPhase section */
		1F7627881E548BB100B7687F /* Sources */ = {
			isa = PBXSourcesBuildPhase;
			buildActionMask = 2147483647;
			files = (
				1F7627921E548BB100B7687F /* ViewController.swift in Sources */,
				1F7627901E548BB100B7687F /* AppDelegate.swift in Sources */,
			);
			runOnlyForDeploymentPostprocessing = 0;
		};
		1F76279C1E548BB100B7687F /* Sources */ = {
			isa = PBXSourcesBuildPhase;
			buildActionMask = 2147483647;
			files = (
				1F7627A51E548BB100B7687F /* RollDiceTests.swift in Sources */,
			);
			runOnlyForDeploymentPostprocessing = 0;
		};
		1F7627A71E548BB100B7687F /* Sources */ = {
			isa = PBXSourcesBuildPhase;
			buildActionMask = 2147483647;
			files = (
				1F7627B01E548BB100B7687F /* RollDiceUITests.swift in Sources */,
			);
			runOnlyForDeploymentPostprocessing = 0;
		};
/* End PBXSourcesBuildPhase section */

/* Begin PBXTargetDependency section */
		1F7627A21E548BB100B7687F /* PBXTargetDependency */ = {
			isa = PBXTargetDependency;
			target = 1F76278B1E548BB100B7687F /* RollDice */;
			targetProxy = 1F7627A11E548BB100B7687F /* PBXContainerItemProxy */;
		};
		1F7627AD1E548BB100B7687F /* PBXTargetDependency */ = {
			isa = PBXTargetDependency;
			target = 1F76278B1E548BB100B7687F /* RollDice */;
			targetProxy = 1F7627AC1E548BB100B7687F /* PBXContainerItemProxy */;
		};
/* End PBXTargetDependency section */

/* Begin PBXVariantGroup section */
		1F7627931E548BB100B7687F /* Main.storyboard */ = {
			isa = PBXVariantGroup;
			children = (
				1F7627941E548BB100B7687F /* Base */,
			);
			name = Main.storyboard;
			sourceTree = "<group>";
		};
		1F7627981E548BB100B7687F /* LaunchScreen.storyboard */ = {
			isa = PBXVariantGroup;
			children = (
				1F7627991E548BB100B7687F /* Base */,
			);
			name = LaunchScreen.storyboard;
			sourceTree = "<group>";
		};
/* End PBXVariantGroup section */

/* Begin XCBuildConfiguration section */
		1F7627B21E548BB100B7687F /* Debug */ = {
			isa = XCBuildConfiguration;
			buildSettings = {
				ALWAYS_SEARCH_USER_PATHS = NO;
				CLANG_ANALYZER_NONNULL = YES;
				CLANG_CXX_LANGUAGE_STANDARD = "gnu++0x";
				CLANG_CXX_LIBRARY = "libc++";
				CLANG_ENABLE_MODULES = YES;
				CLANG_ENABLE_OBJC_ARC = YES;
				CLANG_WARN_BOOL_CONVERSION = YES;
				CLANG_WARN_CONSTANT_CONVERSION = YES;
				CLANG_WARN_DIRECT_OBJC_ISA_USAGE = YES_ERROR;
				CLANG_WARN_DOCUMENTATION_COMMENTS = YES;
				CLANG_WARN_EMPTY_BODY = YES;
				CLANG_WARN_ENUM_CONVERSION = YES;
				CLANG_WARN_INFINITE_RECURSION = YES;
				CLANG_WARN_INT_CONVERSION = YES;
				CLANG_WARN_OBJC_ROOT_CLASS = YES_ERROR;
				CLANG_WARN_SUSPICIOUS_MOVE = YES;
				CLANG_WARN_UNREACHABLE_CODE = YES;
				CLANG_WARN__DUPLICATE_METHOD_MATCH = YES;
				"CODE_SIGN_IDENTITY[sdk=iphoneos*]" = "iPhone Developer";
				COPY_PHASE_STRIP = NO;
				DEBUG_INFORMATION_FORMAT = dwarf;
				ENABLE_STRICT_OBJC_MSGSEND = YES;
				ENABLE_TESTABILITY = YES;
				GCC_C_LANGUAGE_STANDARD = gnu99;
				GCC_DYNAMIC_NO_PIC = NO;
				GCC_NO_COMMON_BLOCKS = YES;
				GCC_OPTIMIZATION_LEVEL = 0;
				GCC_PREPROCESSOR_DEFINITIONS = (
					"DEBUG=1",
					"$(inherited)",
				);
				GCC_WARN_64_TO_32_BIT_CONVERSION = YES;
				GCC_WARN_ABOUT_RETURN_TYPE = YES_ERROR;
				GCC_WARN_UNDECLARED_SELECTOR = YES;
				GCC_WARN_UNINITIALIZED_AUTOS = YES_AGGRESSIVE;
				GCC_WARN_UNUSED_FUNCTION = YES;
				GCC_WARN_UNUSED_VARIABLE = YES;
				IPHONEOS_DEPLOYMENT_TARGET = 10.2;
				MTL_ENABLE_DEBUG_INFO = YES;
				ONLY_ACTIVE_ARCH = YES;
				SDKROOT = iphoneos;
				SWIFT_ACTIVE_COMPILATION_CONDITIONS = DEBUG;
				SWIFT_OPTIMIZATION_LEVEL = "-Onone";
			};
			name = Debug;
		};
		1F7627B31E548BB100B7687F /* Release */ = {
			isa = XCBuildConfiguration;
			buildSettings = {
				ALWAYS_SEARCH_USER_PATHS = NO;
				CLANG_ANALYZER_NONNULL = YES;
				CLANG_CXX_LANGUAGE_STANDARD = "gnu++0x";
				CLANG_CXX_LIBRARY = "libc++";
				CLANG_ENABLE_MODULES = YES;
				CLANG_ENABLE_OBJC_ARC = YES;
				CLANG_WARN_BOOL_CONVERSION = YES;
				CLANG_WARN_CONSTANT_CONVERSION = YES;
				CLANG_WARN_DIRECT_OBJC_ISA_USAGE = YES_ERROR;
				CLANG_WARN_DOCUMENTATION_COMMENTS = YES;
				CLANG_WARN_EMPTY_BODY = YES;
				CLANG_WARN_ENUM_CONVERSION = YES;
				CLANG_WARN_INFINITE_RECURSION = YES;
				CLANG_WARN_INT_CONVERSION = YES;
				CLANG_WARN_OBJC_ROOT_CLASS = YES_ERROR;
				CLANG_WARN_SUSPICIOUS_MOVE = YES;
				CLANG_WARN_UNREACHABLE_CODE = YES;
				CLANG_WARN__DUPLICATE_METHOD_MATCH = YES;
				"CODE_SIGN_IDENTITY[sdk=iphoneos*]" = "iPhone Developer";
				COPY_PHASE_STRIP = NO;
				DEBUG_INFORMATION_FORMAT = "dwarf-with-dsym";
				ENABLE_NS_ASSERTIONS = NO;
				ENABLE_STRICT_OBJC_MSGSEND = YES;
				GCC_C_LANGUAGE_STANDARD = gnu99;
				GCC_NO_COMMON_BLOCKS = YES;
				GCC_WARN_64_TO_32_BIT_CONVERSION = YES;
				GCC_WARN_ABOUT_RETURN_TYPE = YES_ERROR;
				GCC_WARN_UNDECLARED_SELECTOR = YES;
				GCC_WARN_UNINITIALIZED_AUTOS = YES_AGGRESSIVE;
				GCC_WARN_UNUSED_FUNCTION = YES;
				GCC_WARN_UNUSED_VARIABLE = YES;
				IPHONEOS_DEPLOYMENT_TARGET = 10.2;
				MTL_ENABLE_DEBUG_INFO = NO;
				SDKROOT = iphoneos;
				SWIFT_OPTIMIZATION_LEVEL = "-Owholemodule";
				VALIDATE_PRODUCT = YES;
			};
			name = Release;
		};
		1F7627B51E548BB100B7687F /* Debug */ = {
			isa = XCBuildConfiguration;
			buildSettings = {
				ASSETCATALOG_COMPILER_APPICON_NAME = AppIcon;
				INFOPLIST_FILE = RollDice/Info.plist;
				LD_RUNPATH_SEARCH_PATHS = "$(inherited) @executable_path/Frameworks";
				PRODUCT_BUNDLE_IDENTIFIER = com.omera.RollDice;
				PRODUCT_NAME = "$(TARGET_NAME)";
				SWIFT_VERSION = 3.0;
			};
			name = Debug;
		};
		1F7627B61E548BB100B7687F /* Release */ = {
			isa = XCBuildConfiguration;
			buildSettings = {
				ASSETCATALOG_COMPILER_APPICON_NAME = AppIcon;
				INFOPLIST_FILE = RollDice/Info.plist;
				LD_RUNPATH_SEARCH_PATHS = "$(inherited) @executable_path/Frameworks";
				PRODUCT_BUNDLE_IDENTIFIER = com.omera.RollDice;
				PRODUCT_NAME = "$(TARGET_NAME)";
				SWIFT_VERSION = 3.0;
			};
			name = Release;
		};
		1F7627B81E548BB100B7687F /* Debug */ = {
			isa = XCBuildConfiguration;
			buildSettings = {
				ALWAYS_EMBED_SWIFT_STANDARD_LIBRARIES = YES;
				BUNDLE_LOADER = "$(TEST_HOST)";
				INFOPLIST_FILE = RollDiceTests/Info.plist;
				LD_RUNPATH_SEARCH_PATHS = "$(inherited) @executable_path/Frameworks @loader_path/Frameworks";
				PRODUCT_BUNDLE_IDENTIFIER = com.omera.RollDiceTests;
				PRODUCT_NAME = "$(TARGET_NAME)";
				SWIFT_VERSION = 3.0;
				TEST_HOST = "$(BUILT_PRODUCTS_DIR)/RollDice.app/RollDice";
			};
			name = Debug;
		};
		1F7627B91E548BB100B7687F /* Release */ = {
			isa = XCBuildConfiguration;
			buildSettings = {
				ALWAYS_EMBED_SWIFT_STANDARD_LIBRARIES = YES;
				BUNDLE_LOADER = "$(TEST_HOST)";
				INFOPLIST_FILE = RollDiceTests/Info.plist;
				LD_RUNPATH_SEARCH_PATHS = "$(inherited) @executable_path/Frameworks @loader_path/Frameworks";
				PRODUCT_BUNDLE_IDENTIFIER = com.omera.RollDiceTests;
				PRODUCT_NAME = "$(TARGET_NAME)";
				SWIFT_VERSION = 3.0;
				TEST_HOST = "$(BUILT_PRODUCTS_DIR)/RollDice.app/RollDice";
			};
			name = Release;
		};
		1F7627BB1E548BB100B7687F /* Debug */ = {
			isa = XCBuildConfiguration;
			buildSettings = {
				ALWAYS_EMBED_SWIFT_STANDARD_LIBRARIES = YES;
				INFOPLIST_FILE = RollDiceUITests/Info.plist;
				LD_RUNPATH_SEARCH_PATHS = "$(inherited) @executable_path/Frameworks @loader_path/Frameworks";
				PRODUCT_BUNDLE_IDENTIFIER = com.omera.RollDiceUITests;
				PRODUCT_NAME = "$(TARGET_NAME)";
				SWIFT_VERSION = 3.0;
				TEST_TARGET_NAME = RollDice;
			};
			name = Debug;
		};
		1F7627BC1E548BB100B7687F /* Release */ = {
			isa = XCBuildConfiguration;
			buildSettings = {
				ALWAYS_EMBED_SWIFT_STANDARD_LIBRARIES = YES;
				INFOPLIST_FILE = RollDiceUITests/Info.plist;
				LD_RUNPATH_SEARCH_PATHS = "$(inherited) @executable_path/Frameworks @loader_path/Frameworks";
				PRODUCT_BUNDLE_IDENTIFIER = com.omera.RollDiceUITests;
				PRODUCT_NAME = "$(TARGET_NAME)";
				SWIFT_VERSION = 3.0;
				TEST_TARGET_NAME = RollDice;
			};
			name = Release;
		};
/* End XCBuildConfiguration section */

/* Begin XCConfigurationList section */
		1F7627871E548BB100B7687F /* Build configuration list for PBXProject "RollDice" */ = {
			isa = XCConfigurationList;
			buildConfigurations = (
				1F7627B21E548BB100B7687F /* Debug */,
				1F7627B31E548BB100B7687F /* Release */,
			);
			defaultConfigurationIsVisible = 0;
			defaultConfigurationName = Release;
		};
		1F7627B41E548BB100B7687F /* Build configuration list for PBXNativeTarget "RollDice" */ = {
			isa = XCConfigurationList;
			buildConfigurations = (
				1F7627B51E548BB100B7687F /* Debug */,
				1F7627B61E548BB100B7687F /* Release */,
			);
			defaultConfigurationIsVisible = 0;
		};
		1F7627B71E548BB100B7687F /* Build configuration list for PBXNativeTarget "RollDiceTests" */ = {
			isa = XCConfigurationList;
			buildConfigurations = (
				1F7627B81E548BB100B7687F /* Debug */,
				1F7627B91E548BB100B7687F /* Release */,
			);
			defaultConfigurationIsVisible = 0;
		};
		1F7627BA1E548BB100B7687F /* Build configuration list for PBXNativeTarget "RollDiceUITests" */ = {
			isa = XCConfigurationList;
			buildConfigurations = (
				1F7627BB1E548BB100B7687F /* Debug */,
				1F7627BC1E548BB100B7687F /* Release */,
			);
			defaultConfigurationIsVisible = 0;
		};
/* End XCConfigurationList section */
	};
	rootObject = 1F7627841E548BB100B7687F /* Project object */;
}
